
Microsoft Visual Studio Solution File, Format Version 12.00
# Visual Studio Version 17
VisualStudioVersion = 17.11.35219.272
MinimumVisualStudioVersion = 10.0.40219.1
Project("{9A19103F-16F7-4668-BE54-9A1E7A4F7556}") = "WebApplicationTemplate", "WebApplicationTemplate\WebApplicationTemplate.csproj", "{577F4BA7-34F4-43C7-A2C0-E83CC0FEDFE4}"
EndProject
Project("{2150E333-8FDC-42A3-9474-1A3956D46DE8}") = "METANIT", "METANIT", "{AE9E25C0-63A7-4BBB-8DEE-986E0B07B2B1}"
EndProject
Project("{2150E333-8FDC-42A3-9474-1A3956D46DE8}") = "ToDo", "ToDo", "{BC4E3263-9DFD-44DB-9D15-85377E9CDEAC}"
EndProject
Project("{9A19103F-16F7-4668-BE54-9A1E7A4F7556}") = "ToDoList", "ToDoList\ToDoList.csproj", "{292FE475-348A-4066-BB1D-854ACE260DE4}"
EndProject
Project("{9A19103F-16F7-4668-BE54-9A1E7A4F7556}") = "ToDoList.DAL", "DAL\ToDoList.DAL.csproj", "{F8DBA47B-16EE-40B1-897F-6022509540CC}"
EndProject
Project("{9A19103F-16F7-4668-BE54-9A1E7A4F7556}") = "ToDoList.Domain", "ToDoList.Domain\ToDoList.Domain.csproj", "{90B33254-F965-40B0-9641-68CFCA5AAD05}"
EndProject
Project("{9A19103F-16F7-4668-BE54-9A1E7A4F7556}") = "ToDoList.Service", "DoToList.Service\ToDoList.Service.csproj", "{55830BA7-C7EB-47AB-9A6D-FF9309552063}"
EndProject
Project("{2150E333-8FDC-42A3-9474-1A3956D46DE8}") = "Other", "Other", "{1CB3B7C6-DCFC-423A-9419-6718357B510E}"
EndProject
Project("{9A19103F-16F7-4668-BE54-9A1E7A4F7556}") = "Npg_Test", "Npg_Test\Npg_Test.csproj", "{0976B0FC-B9B7-419A-923D-9420C515C02F}"
EndProject
Project("{2150E333-8FDC-42A3-9474-1A3956D46DE8}") = "ASP-NET_REST", "ASP-NET_REST", "{5ADD31EB-013F-48BD-A270-3ED177072B82}"
EndProject
Project("{9A19103F-16F7-4668-BE54-9A1E7A4F7556}") = "WebApplication1", "WebApplication1\WebApplication1.csproj", "{89D4B71E-741C-4EDF-9D79-265A081CD39A}"
EndProject
Project("{9A19103F-16F7-4668-BE54-9A1E7A4F7556}") = "WebApplication2", "WebApplication2\WebApplication2.csproj", "{64DB3034-78DE-40D8-BA68-3ADEABE39E79}"
EndProject
Project("{FAE04EC0-301F-11D3-BF4B-00C04F79EFBC}") = "MvcApp", "MvcApp\MvcApp.csproj", "{E448FE1E-6340-4A9E-B6C0-F272AF38EDAB}"
EndProject
Global
	GlobalSection(SolutionConfigurationPlatforms) = preSolution
		Debug|Any CPU = Debug|Any CPU
		Release|Any CPU = Release|Any CPU
	EndGlobalSection
	GlobalSection(ProjectConfigurationPlatforms) = postSolution
		{577F4BA7-34F4-43C7-A2C0-E83CC0FEDFE4}.Debug|Any CPU.ActiveCfg = Debug|Any CPU
		{577F4BA7-34F4-43C7-A2C0-E83CC0FEDFE4}.Debug|Any CPU.Build.0 = Debug|Any CPU
		{577F4BA7-34F4-43C7-A2C0-E83CC0FEDFE4}.Release|Any CPU.ActiveCfg = Release|Any CPU
		{577F4BA7-34F4-43C7-A2C0-E83CC0FEDFE4}.Release|Any CPU.Build.0 = Release|Any CPU
		{292FE475-348A-4066-BB1D-854ACE260DE4}.Debug|Any CPU.ActiveCfg = Debug|Any CPU
		{292FE475-348A-4066-BB1D-854ACE260DE4}.Debug|Any CPU.Build.0 = Debug|Any CPU
		{292FE475-348A-4066-BB1D-854ACE260DE4}.Release|Any CPU.ActiveCfg = Release|Any CPU
		{292FE475-348A-4066-BB1D-854ACE260DE4}.Release|Any CPU.Build.0 = Release|Any CPU
		{F8DBA47B-16EE-40B1-897F-6022509540CC}.Debug|Any CPU.ActiveCfg = Debug|Any CPU
		{F8DBA47B-16EE-40B1-897F-6022509540CC}.Debug|Any CPU.Build.0 = Debug|Any CPU
		{F8DBA47B-16EE-40B1-897F-6022509540CC}.Release|Any CPU.ActiveCfg = Release|Any CPU
		{F8DBA47B-16EE-40B1-897F-6022509540CC}.Release|Any CPU.Build.0 = Release|Any CPU
		{90B33254-F965-40B0-9641-68CFCA5AAD05}.Debug|Any CPU.ActiveCfg = Debug|Any CPU
		{90B33254-F965-40B0-9641-68CFCA5AAD05}.Debug|Any CPU.Build.0 = Debug|Any CPU
		{90B33254-F965-40B0-9641-68CFCA5AAD05}.Release|Any CPU.ActiveCfg = Release|Any CPU
		{90B33254-F965-40B0-9641-68CFCA5AAD05}.Release|Any CPU.Build.0 = Release|Any CPU
		{55830BA7-C7EB-47AB-9A6D-FF9309552063}.Debug|Any CPU.ActiveCfg = Debug|Any CPU
		{55830BA7-C7EB-47AB-9A6D-FF9309552063}.Debug|Any CPU.Build.0 = Debug|Any CPU
		{55830BA7-C7EB-47AB-9A6D-FF9309552063}.Release|Any CPU.ActiveCfg = Release|Any CPU
		{55830BA7-C7EB-47AB-9A6D-FF9309552063}.Release|Any CPU.Build.0 = Release|Any CPU
		{0976B0FC-B9B7-419A-923D-9420C515C02F}.Debug|Any CPU.ActiveCfg = Debug|Any CPU
		{0976B0FC-B9B7-419A-923D-9420C515C02F}.Debug|Any CPU.Build.0 = Debug|Any CPU
		{0976B0FC-B9B7-419A-923D-9420C515C02F}.Release|Any CPU.ActiveCfg = Release|Any CPU
		{0976B0FC-B9B7-419A-923D-9420C515C02F}.Release|Any CPU.Build.0 = Release|Any CPU
		{89D4B71E-741C-4EDF-9D79-265A081CD39A}.Debug|Any CPU.ActiveCfg = Debug|Any CPU
		{89D4B71E-741C-4EDF-9D79-265A081CD39A}.Debug|Any CPU.Build.0 = Debug|Any CPU
		{89D4B71E-741C-4EDF-9D79-265A081CD39A}.Release|Any CPU.ActiveCfg = Release|Any CPU
		{89D4B71E-741C-4EDF-9D79-265A081CD39A}.Release|Any CPU.Build.0 = Release|Any CPU
		{64DB3034-78DE-40D8-BA68-3ADEABE39E79}.Debug|Any CPU.ActiveCfg = Debug|Any CPU
		{64DB3034-78DE-40D8-BA68-3ADEABE39E79}.Debug|Any CPU.Build.0 = Debug|Any CPU
		{64DB3034-78DE-40D8-BA68-3ADEABE39E79}.Release|Any CPU.ActiveCfg = Release|Any CPU
		{64DB3034-78DE-40D8-BA68-3ADEABE39E79}.Release|Any CPU.Build.0 = Release|Any CPU
		{E448FE1E-6340-4A9E-B6C0-F272AF38EDAB}.Debug|Any CPU.ActiveCfg = Debug|Any CPU
		{E448FE1E-6340-4A9E-B6C0-F272AF38EDAB}.Debug|Any CPU.Build.0 = Debug|Any CPU
		{E448FE1E-6340-4A9E-B6C0-F272AF38EDAB}.Release|Any CPU.ActiveCfg = Release|Any CPU
		{E448FE1E-6340-4A9E-B6C0-F272AF38EDAB}.Release|Any CPU.Build.0 = Release|Any CPU
	EndGlobalSection
	GlobalSection(SolutionProperties) = preSolution
		HideSolutionNode = FALSE
	EndGlobalSection
	GlobalSection(NestedProjects) = preSolution
		{577F4BA7-34F4-43C7-A2C0-E83CC0FEDFE4} = {1CB3B7C6-DCFC-423A-9419-6718357B510E}
		{292FE475-348A-4066-BB1D-854ACE260DE4} = {BC4E3263-9DFD-44DB-9D15-85377E9CDEAC}
		{F8DBA47B-16EE-40B1-897F-6022509540CC} = {BC4E3263-9DFD-44DB-9D15-85377E9CDEAC}
		{90B33254-F965-40B0-9641-68CFCA5AAD05} = {BC4E3263-9DFD-44DB-9D15-85377E9CDEAC}
		{55830BA7-C7EB-47AB-9A6D-FF9309552063} = {BC4E3263-9DFD-44DB-9D15-85377E9CDEAC}
		{0976B0FC-B9B7-419A-923D-9420C515C02F} = {1CB3B7C6-DCFC-423A-9419-6718357B510E}
		{89D4B71E-741C-4EDF-9D79-265A081CD39A} = {5ADD31EB-013F-48BD-A270-3ED177072B82}
		{64DB3034-78DE-40D8-BA68-3ADEABE39E79} = {5ADD31EB-013F-48BD-A270-3ED177072B82}
		{E448FE1E-6340-4A9E-B6C0-F272AF38EDAB} = {AE9E25C0-63A7-4BBB-8DEE-986E0B07B2B1}
	EndGlobalSection
	GlobalSection(ExtensibilityGlobals) = postSolution
		SolutionGuid = {011281F5-FE8D-40C5-985F-115DA53A07D8}
	EndGlobalSection
EndGlobal
