
Microsoft Visual Studio Solution File, Format Version 12.00
# Visual Studio Version 17
VisualStudioVersion = 17.11.35219.272
MinimumVisualStudioVersion = 10.0.40219.1
Project("{9A19103F-16F7-4668-BE54-9A1E7A4F7556}") = "MvcApp", "MvcApp\MvcApp.csproj", "{B7E17860-4B87-4002-8B54-0FCA13A4F983}"
EndProject
Project("{9A19103F-16F7-4668-BE54-9A1E7A4F7556}") = "WebApplicationTemplate", "WebApplicationTemplate\WebApplicationTemplate.csproj", "{577F4BA7-34F4-43C7-A2C0-E83CC0FEDFE4}"
EndProject
Project("{2150E333-8FDC-42A3-9474-1A3956D46DE8}") = "METANIT", "METANIT", "{AE9E25C0-63A7-4BBB-8DEE-986E0B07B2B1}"
EndProject
Project("{FAE04EC0-301F-11D3-BF4B-00C04F79EFBC}") = "METANIT_ASP_EMPTY", "METANIT_ASP_EMPTY\METANIT_ASP_EMPTY.csproj", "{31F79EE2-D9D1-4C3D-BB28-A0F8A624E439}"
EndProject
Project("{2150E333-8FDC-42A3-9474-1A3956D46DE8}") = "ToDo", "ToDo", "{BC4E3263-9DFD-44DB-9D15-85377E9CDEAC}"
EndProject
Project("{FAE04EC0-301F-11D3-BF4B-00C04F79EFBC}") = "ToDoList", "ToDoList\ToDoList.csproj", "{292FE475-348A-4066-BB1D-854ACE260DE4}"
EndProject
Project("{FAE04EC0-301F-11D3-BF4B-00C04F79EFBC}") = "ToDoList.DAL", "DAL\ToDoList.DAL.csproj", "{F8DBA47B-16EE-40B1-897F-6022509540CC}"
EndProject
Project("{FAE04EC0-301F-11D3-BF4B-00C04F79EFBC}") = "ToDoList.Domain", "ToDoList.Domain\ToDoList.Domain.csproj", "{90B33254-F965-40B0-9641-68CFCA5AAD05}"
EndProject
Project("{FAE04EC0-301F-11D3-BF4B-00C04F79EFBC}") = "ToDoList.Service", "DoToList.Service\ToDoList.Service.csproj", "{55830BA7-C7EB-47AB-9A6D-FF9309552063}"
EndProject
Project("{2150E333-8FDC-42A3-9474-1A3956D46DE8}") = "Other", "Other", "{1CB3B7C6-DCFC-423A-9419-6718357B510E}"
EndProject
Project("{FAE04EC0-301F-11D3-BF4B-00C04F79EFBC}") = "Npg_Test", "Npg_Test\Npg_Test.csproj", "{0976B0FC-B9B7-419A-923D-9420C515C02F}"
EndProject
Global
	GlobalSection(SolutionConfigurationPlatforms) = preSolution
		Debug|Any CPU = Debug|Any CPU
		Release|Any CPU = Release|Any CPU
	EndGlobalSection
	GlobalSection(ProjectConfigurationPlatforms) = postSolution
		{B7E17860-4B87-4002-8B54-0FCA13A4F983}.Debug|Any CPU.ActiveCfg = Debug|Any CPU
		{B7E17860-4B87-4002-8B54-0FCA13A4F983}.Debug|Any CPU.Build.0 = Debug|Any CPU
		{B7E17860-4B87-4002-8B54-0FCA13A4F983}.Release|Any CPU.ActiveCfg = Release|Any CPU
		{B7E17860-4B87-4002-8B54-0FCA13A4F983}.Release|Any CPU.Build.0 = Release|Any CPU
		{577F4BA7-34F4-43C7-A2C0-E83CC0FEDFE4}.Debug|Any CPU.ActiveCfg = Debug|Any CPU
		{577F4BA7-34F4-43C7-A2C0-E83CC0FEDFE4}.Debug|Any CPU.Build.0 = Debug|Any CPU
		{577F4BA7-34F4-43C7-A2C0-E83CC0FEDFE4}.Release|Any CPU.ActiveCfg = Release|Any CPU
		{577F4BA7-34F4-43C7-A2C0-E83CC0FEDFE4}.Release|Any CPU.Build.0 = Release|Any CPU
		{31F79EE2-D9D1-4C3D-BB28-A0F8A624E439}.Debug|Any CPU.ActiveCfg = Debug|Any CPU
		{31F79EE2-D9D1-4C3D-BB28-A0F8A624E439}.Debug|Any CPU.Build.0 = Debug|Any CPU
		{31F79EE2-D9D1-4C3D-BB28-A0F8A624E439}.Release|Any CPU.ActiveCfg = Release|Any CPU
		{31F79EE2-D9D1-4C3D-BB28-A0F8A624E439}.Release|Any CPU.Build.0 = Release|Any CPU
		{292FE475-348A-4066-BB1D-854ACE260DE4}.Debug|Any CPU.ActiveCfg = Debug|Any CPU
		{292FE475-348A-4066-BB1D-854ACE260DE4}.Debug|Any CPU.Build.0 = Debug|Any CPU
		{292FE475-348A-4066-BB1D-854ACE260DE4}.Release|Any CPU.ActiveCfg = Release|Any CPU
		{292FE475-348A-4066-BB1D-854ACE260DE4}.Release|Any CPU.Build.0 = Release|Any CPU
		{F8DBA47B-16EE-40B1-897F-6022509540CC}.Debug|Any CPU.ActiveCfg = Debug|Any CPU
		{F8DBA47B-16EE-40B1-897F-6022509540CC}.Debug|Any CPU.Build.0 = Debug|Any CPU
		{F8DBA47B-16EE-40B1-897F-6022509540CC}.Release|Any CPU.ActiveCfg = Release|Any CPU
		{F8DBA47B-16EE-40B1-897F-6022509540CC}.Release|Any CPU.Build.0 = Release|Any CPU
		{90B33254-F965-40B0-9641-68CFCA5AAD05}.Debug|Any CPU.ActiveCfg = Debug|Any CPU
		{90B33254-F965-40B0-9641-68CFCA5AAD05}.Debug|Any CPU.Build.0 = Debug|Any CPU
		{90B33254-F965-40B0-9641-68CFCA5AAD05}.Release|Any CPU.ActiveCfg = Release|Any CPU
		{90B33254-F965-40B0-9641-68CFCA5AAD05}.Release|Any CPU.Build.0 = Release|Any CPU
		{55830BA7-C7EB-47AB-9A6D-FF9309552063}.Debug|Any CPU.ActiveCfg = Debug|Any CPU
		{55830BA7-C7EB-47AB-9A6D-FF9309552063}.Debug|Any CPU.Build.0 = Debug|Any CPU
		{55830BA7-C7EB-47AB-9A6D-FF9309552063}.Release|Any CPU.ActiveCfg = Release|Any CPU
		{55830BA7-C7EB-47AB-9A6D-FF9309552063}.Release|Any CPU.Build.0 = Release|Any CPU
		{0976B0FC-B9B7-419A-923D-9420C515C02F}.Debug|Any CPU.ActiveCfg = Debug|Any CPU
		{0976B0FC-B9B7-419A-923D-9420C515C02F}.Debug|Any CPU.Build.0 = Debug|Any CPU
		{0976B0FC-B9B7-419A-923D-9420C515C02F}.Release|Any CPU.ActiveCfg = Release|Any CPU
		{0976B0FC-B9B7-419A-923D-9420C515C02F}.Release|Any CPU.Build.0 = Release|Any CPU
	EndGlobalSection
	GlobalSection(SolutionProperties) = preSolution
		HideSolutionNode = FALSE
	EndGlobalSection
	GlobalSection(NestedProjects) = preSolution
		{B7E17860-4B87-4002-8B54-0FCA13A4F983} = {1CB3B7C6-DCFC-423A-9419-6718357B510E}
		{577F4BA7-34F4-43C7-A2C0-E83CC0FEDFE4} = {1CB3B7C6-DCFC-423A-9419-6718357B510E}
		{31F79EE2-D9D1-4C3D-BB28-A0F8A624E439} = {AE9E25C0-63A7-4BBB-8DEE-986E0B07B2B1}
		{292FE475-348A-4066-BB1D-854ACE260DE4} = {BC4E3263-9DFD-44DB-9D15-85377E9CDEAC}
		{F8DBA47B-16EE-40B1-897F-6022509540CC} = {BC4E3263-9DFD-44DB-9D15-85377E9CDEAC}
		{90B33254-F965-40B0-9641-68CFCA5AAD05} = {BC4E3263-9DFD-44DB-9D15-85377E9CDEAC}
		{55830BA7-C7EB-47AB-9A6D-FF9309552063} = {BC4E3263-9DFD-44DB-9D15-85377E9CDEAC}
		{0976B0FC-B9B7-419A-923D-9420C515C02F} = {1CB3B7C6-DCFC-423A-9419-6718357B510E}
	EndGlobalSection
	GlobalSection(ExtensibilityGlobals) = postSolution
		SolutionGuid = {011281F5-FE8D-40C5-985F-115DA53A07D8}
	EndGlobalSection
EndGlobal
